// !$*UTF8*$!
{
	archiveVersion = 1;
	classes = {
	};
	objectVersion = 50;
	objects = {

/* Begin PBXBuildFile section */
		E3824F83227CECD7005FC2E2 /* AppDelegate.swift in Sources */ = {isa = PBXBuildFile; fileRef = E3824F82227CECD7005FC2E2 /* AppDelegate.swift */; };
		E3824F8A227CECD8005FC2E2 /* Assets.xcassets in Resources */ = {isa = PBXBuildFile; fileRef = E3824F89227CECD8005FC2E2 /* Assets.xcassets */; };
		E3824F8D227CECD8005FC2E2 /* LaunchScreen.storyboard in Resources */ = {isa = PBXBuildFile; fileRef = E3824F8B227CECD8005FC2E2 /* LaunchScreen.storyboard */; };
		E3824FA6227CEF9E005FC2E2 /* AppRouter.swift in Sources */ = {isa = PBXBuildFile; fileRef = E3824FA5227CEF9E005FC2E2 /* AppRouter.swift */; };
/* End PBXBuildFile section */

/* Begin PBXContainerItemProxy section */
		E3824F94227CECD8005FC2E2 /* PBXContainerItemProxy */ = {
			isa = PBXContainerItemProxy;
			containerPortal = E3824F77227CECD7005FC2E2 /* Project object */;
			proxyType = 1;
			remoteGlobalIDString = E3824F7E227CECD7005FC2E2;
			remoteInfo = Movies;
		};
/* End PBXContainerItemProxy section */

/* Begin PBXFileReference section */
		E3824F7F227CECD7005FC2E2 /* Movies.app */ = {isa = PBXFileReference; explicitFileType = wrapper.application; includeInIndex = 0; path = Movies.app; sourceTree = BUILT_PRODUCTS_DIR; };
		E3824F82227CECD7005FC2E2 /* AppDelegate.swift */ = {isa = PBXFileReference; lastKnownFileType = sourcecode.swift; path = AppDelegate.swift; sourceTree = "<group>"; };
		E3824F89227CECD8005FC2E2 /* Assets.xcassets */ = {isa = PBXFileReference; lastKnownFileType = folder.assetcatalog; path = Assets.xcassets; sourceTree = "<group>"; };
		E3824F8C227CECD8005FC2E2 /* Base */ = {isa = PBXFileReference; lastKnownFileType = file.storyboard; name = Base; path = Base.lproj/LaunchScreen.storyboard; sourceTree = "<group>"; };
		E3824F8E227CECD8005FC2E2 /* Info.plist */ = {isa = PBXFileReference; lastKnownFileType = text.plist.xml; path = Info.plist; sourceTree = "<group>"; };
		E3824F93227CECD8005FC2E2 /* MoviesTests.xctest */ = {isa = PBXFileReference; explicitFileType = wrapper.cfbundle; includeInIndex = 0; path = MoviesTests.xctest; sourceTree = BUILT_PRODUCTS_DIR; };
		E3824F99227CECD8005FC2E2 /* Info.plist */ = {isa = PBXFileReference; lastKnownFileType = text.plist.xml; path = Info.plist; sourceTree = "<group>"; };
		E3824FA5227CEF9E005FC2E2 /* AppRouter.swift */ = {isa = PBXFileReference; lastKnownFileType = sourcecode.swift; path = AppRouter.swift; sourceTree = "<group>"; };
/* End PBXFileReference section */

/* Begin PBXFrameworksBuildPhase section */
		E3824F7C227CECD7005FC2E2 /* Frameworks */ = {
			isa = PBXFrameworksBuildPhase;
			buildActionMask = 2147483647;
			files = (
			);
			runOnlyForDeploymentPostprocessing = 0;
		};
		E3824F90227CECD8005FC2E2 /* Frameworks */ = {
			isa = PBXFrameworksBuildPhase;
			buildActionMask = 2147483647;
			files = (
			);
			runOnlyForDeploymentPostprocessing = 0;
		};
/* End PBXFrameworksBuildPhase section */

/* Begin PBXGroup section */
		E3824F76227CECD7005FC2E2 = {
			isa = PBXGroup;
			children = (
				E3824F81227CECD7005FC2E2 /* Movies */,
				E3824F96227CECD8005FC2E2 /* MoviesTests */,
				E3824F80227CECD7005FC2E2 /* Products */,
			);
			sourceTree = "<group>";
		};
		E3824F80227CECD7005FC2E2 /* Products */ = {
			isa = PBXGroup;
			children = (
				E3824F7F227CECD7005FC2E2 /* Movies.app */,
				E3824F93227CECD8005FC2E2 /* MoviesTests.xctest */,
			);
			name = Products;
			sourceTree = "<group>";
		};
		E3824F81227CECD7005FC2E2 /* Movies */ = {
			isa = PBXGroup;
			children = (
				E3824FA4227CEF92005FC2E2 /* App */,
				E3824FA8227CEFB5005FC2E2 /* Common */,
				E3824FA9227CEFBD005FC2E2 /* Modules */,
				E3824FA7227CEFA6005FC2E2 /* Resources */,
				E3824FA2227CEF36005FC2E2 /* SupportFiles */,
			);
			path = Movies;
			sourceTree = "<group>";
		};
		E3824F96227CECD8005FC2E2 /* MoviesTests */ = {
			isa = PBXGroup;
			children = (
				E3824FA3227CEF3A005FC2E2 /* SupportFiles */,
			);
			path = MoviesTests;
			sourceTree = "<group>";
		};
		E3824FA2227CEF36005FC2E2 /* SupportFiles */ = {
			isa = PBXGroup;
			children = (
				E3824F8E227CECD8005FC2E2 /* Info.plist */,
			);
			path = SupportFiles;
			sourceTree = "<group>";
		};
		E3824FA3227CEF3A005FC2E2 /* SupportFiles */ = {
			isa = PBXGroup;
			children = (
				E3824F99227CECD8005FC2E2 /* Info.plist */,
			);
			path = SupportFiles;
			sourceTree = "<group>";
		};
		E3824FA4227CEF92005FC2E2 /* App */ = {
			isa = PBXGroup;
			children = (
				E3824F82227CECD7005FC2E2 /* AppDelegate.swift */,
				E3824FA5227CEF9E005FC2E2 /* AppRouter.swift */,
			);
			path = App;
			sourceTree = "<group>";
		};
		E3824FA7227CEFA6005FC2E2 /* Resources */ = {
			isa = PBXGroup;
			children = (
				E3824F89227CECD8005FC2E2 /* Assets.xcassets */,
				E3824F8B227CECD8005FC2E2 /* LaunchScreen.storyboard */,
			);
			path = Resources;
			sourceTree = "<group>";
		};
		E3824FA8227CEFB5005FC2E2 /* Common */ = {
			isa = PBXGroup;
			children = (
			);
			path = Common;
			sourceTree = "<group>";
		};
		E3824FA9227CEFBD005FC2E2 /* Modules */ = {
			isa = PBXGroup;
			children = (
				E3824FAB227CEFD1005FC2E2 /* MovieDetail */,
				E3824FAA227CEFC5005FC2E2 /* MovieList */,
			);
			path = Modules;
			sourceTree = "<group>";
		};
		E3824FAA227CEFC5005FC2E2 /* MovieList */ = {
			isa = PBXGroup;
			children = (
			);
			path = MovieList;
			sourceTree = "<group>";
		};
		E3824FAB227CEFD1005FC2E2 /* MovieDetail */ = {
			isa = PBXGroup;
			children = (
			);
			path = MovieDetail;
			sourceTree = "<group>";
		};
/* End PBXGroup section */

/* Begin PBXNativeTarget section */
		E3824F7E227CECD7005FC2E2 /* Movies */ = {
			isa = PBXNativeTarget;
			buildConfigurationList = E3824F9C227CECD8005FC2E2 /* Build configuration list for PBXNativeTarget "Movies" */;
			buildPhases = (
				E3824F7B227CECD7005FC2E2 /* Sources */,
				E3824F7C227CECD7005FC2E2 /* Frameworks */,
				E3824F7D227CECD7005FC2E2 /* Resources */,
			);
			buildRules = (
			);
			dependencies = (
			);
			name = Movies;
			productName = Movies;
			productReference = E3824F7F227CECD7005FC2E2 /* Movies.app */;
			productType = "com.apple.product-type.application";
		};
		E3824F92227CECD8005FC2E2 /* MoviesTests */ = {
			isa = PBXNativeTarget;
			buildConfigurationList = E3824F9F227CECD8005FC2E2 /* Build configuration list for PBXNativeTarget "MoviesTests" */;
			buildPhases = (
				E3824F8F227CECD8005FC2E2 /* Sources */,
				E3824F90227CECD8005FC2E2 /* Frameworks */,
				E3824F91227CECD8005FC2E2 /* Resources */,
			);
			buildRules = (
			);
			dependencies = (
				E3824F95227CECD8005FC2E2 /* PBXTargetDependency */,
			);
			name = MoviesTests;
			productName = MoviesTests;
			productReference = E3824F93227CECD8005FC2E2 /* MoviesTests.xctest */;
			productType = "com.apple.product-type.bundle.unit-test";
		};
/* End PBXNativeTarget section */

/* Begin PBXProject section */
		E3824F77227CECD7005FC2E2 /* Project object */ = {
			isa = PBXProject;
			attributes = {
				LastSwiftUpdateCheck = 1020;
				LastUpgradeCheck = 1020;
				ORGANIZATIONNAME = "Juliano Terres";
				TargetAttributes = {
					E3824F7E227CECD7005FC2E2 = {
						CreatedOnToolsVersion = 10.2;
					};
					E3824F92227CECD8005FC2E2 = {
						CreatedOnToolsVersion = 10.2;
						TestTargetID = E3824F7E227CECD7005FC2E2;
					};
				};
			};
			buildConfigurationList = E3824F7A227CECD7005FC2E2 /* Build configuration list for PBXProject "Movies" */;
			compatibilityVersion = "Xcode 9.3";
			developmentRegion = en;
			hasScannedForEncodings = 0;
			knownRegions = (
				en,
				Base,
			);
			mainGroup = E3824F76227CECD7005FC2E2;
			productRefGroup = E3824F80227CECD7005FC2E2 /* Products */;
			projectDirPath = "";
			projectRoot = "";
			targets = (
				E3824F7E227CECD7005FC2E2 /* Movies */,
				E3824F92227CECD8005FC2E2 /* MoviesTests */,
			);
		};
/* End PBXProject section */

/* Begin PBXResourcesBuildPhase section */
		E3824F7D227CECD7005FC2E2 /* Resources */ = {
			isa = PBXResourcesBuildPhase;
			buildActionMask = 2147483647;
			files = (
				E3824F8D227CECD8005FC2E2 /* LaunchScreen.storyboard in Resources */,
				E3824F8A227CECD8005FC2E2 /* Assets.xcassets in Resources */,
			);
			runOnlyForDeploymentPostprocessing = 0;
		};
		E3824F91227CECD8005FC2E2 /* Resources */ = {
			isa = PBXResourcesBuildPhase;
			buildActionMask = 2147483647;
			files = (
			);
			runOnlyForDeploymentPostprocessing = 0;
		};
/* End PBXResourcesBuildPhase section */

/* Begin PBXSourcesBuildPhase section */
		E3824F7B227CECD7005FC2E2 /* Sources */ = {
			isa = PBXSourcesBuildPhase;
			buildActionMask = 2147483647;
			files = (
				E3824FA6227CEF9E005FC2E2 /* AppRouter.swift in Sources */,
				E3824F83227CECD7005FC2E2 /* AppDelegate.swift in Sources */,
			);
			runOnlyForDeploymentPostprocessing = 0;
		};
		E3824F8F227CECD8005FC2E2 /* Sources */ = {
			isa = PBXSourcesBuildPhase;
			buildActionMask = 2147483647;
			files = (
			);
			runOnlyForDeploymentPostprocessing = 0;
		};
/* End PBXSourcesBuildPhase section */

/* Begin PBXTargetDependency section */
		E3824F95227CECD8005FC2E2 /* PBXTargetDependency */ = {
			isa = PBXTargetDependency;
			target = E3824F7E227CECD7005FC2E2 /* Movies */;
			targetProxy = E3824F94227CECD8005FC2E2 /* PBXContainerItemProxy */;
		};
/* End PBXTargetDependency section */

/* Begin PBXVariantGroup section */
		E3824F8B227CECD8005FC2E2 /* LaunchScreen.storyboard */ = {
			isa = PBXVariantGroup;
			children = (
				E3824F8C227CECD8005FC2E2 /* Base */,
			);
			name = LaunchScreen.storyboard;
			sourceTree = "<group>";
		};
/* End PBXVariantGroup section */

/* Begin XCBuildConfiguration section */
		E3824F9A227CECD8005FC2E2 /* Debug */ = {
			isa = XCBuildConfiguration;
			buildSettings = {
				ALWAYS_SEARCH_USER_PATHS = NO;
				CLANG_ANALYZER_NONNULL = YES;
				CLANG_ANALYZER_NUMBER_OBJECT_CONVERSION = YES_AGGRESSIVE;
				CLANG_CXX_LANGUAGE_STANDARD = "gnu++14";
				CLANG_CXX_LIBRARY = "libc++";
				CLANG_ENABLE_MODULES = YES;
				CLANG_ENABLE_OBJC_ARC = YES;
				CLANG_ENABLE_OBJC_WEAK = YES;
				CLANG_WARN_BLOCK_CAPTURE_AUTORELEASING = YES;
				CLANG_WARN_BOOL_CONVERSION = YES;
				CLANG_WARN_COMMA = YES;
				CLANG_WARN_CONSTANT_CONVERSION = YES;
				CLANG_WARN_DEPRECATED_OBJC_IMPLEMENTATIONS = YES;
				CLANG_WARN_DIRECT_OBJC_ISA_USAGE = YES_ERROR;
				CLANG_WARN_DOCUMENTATION_COMMENTS = YES;
				CLANG_WARN_EMPTY_BODY = YES;
				CLANG_WARN_ENUM_CONVERSION = YES;
				CLANG_WARN_INFINITE_RECURSION = YES;
				CLANG_WARN_INT_CONVERSION = YES;
				CLANG_WARN_NON_LITERAL_NULL_CONVERSION = YES;
				CLANG_WARN_OBJC_IMPLICIT_RETAIN_SELF = YES;
				CLANG_WARN_OBJC_LITERAL_CONVERSION = YES;
				CLANG_WARN_OBJC_ROOT_CLASS = YES_ERROR;
				CLANG_WARN_RANGE_LOOP_ANALYSIS = YES;
				CLANG_WARN_STRICT_PROTOTYPES = YES;
				CLANG_WARN_SUSPICIOUS_MOVE = YES;
				CLANG_WARN_UNGUARDED_AVAILABILITY = YES_AGGRESSIVE;
				CLANG_WARN_UNREACHABLE_CODE = YES;
				CLANG_WARN__DUPLICATE_METHOD_MATCH = YES;
				CODE_SIGN_IDENTITY = "iPhone Developer";
				COPY_PHASE_STRIP = NO;
				DEBUG_INFORMATION_FORMAT = dwarf;
				ENABLE_STRICT_OBJC_MSGSEND = YES;
				ENABLE_TESTABILITY = YES;
				GCC_C_LANGUAGE_STANDARD = gnu11;
				GCC_DYNAMIC_NO_PIC = NO;
				GCC_NO_COMMON_BLOCKS = YES;
				GCC_OPTIMIZATION_LEVEL = 0;
				GCC_PREPROCESSOR_DEFINITIONS = (
					"DEBUG=1",
					"$(inherited)",
				);
				GCC_WARN_64_TO_32_BIT_CONVERSION = YES;
				GCC_WARN_ABOUT_RETURN_TYPE = YES_ERROR;
				GCC_WARN_UNDECLARED_SELECTOR = YES;
				GCC_WARN_UNINITIALIZED_AUTOS = YES_AGGRESSIVE;
				GCC_WARN_UNUSED_FUNCTION = YES;
				GCC_WARN_UNUSED_VARIABLE = YES;
				IPHONEOS_DEPLOYMENT_TARGET = 12.2;
				MTL_ENABLE_DEBUG_INFO = INCLUDE_SOURCE;
				MTL_FAST_MATH = YES;
				ONLY_ACTIVE_ARCH = YES;
				SDKROOT = iphoneos;
				SWIFT_ACTIVE_COMPILATION_CONDITIONS = DEBUG;
				SWIFT_OPTIMIZATION_LEVEL = "-Onone";
			};
			name = Debug;
		};
		E3824F9B227CECD8005FC2E2 /* Release */ = {
			isa = XCBuildConfiguration;
			buildSettings = {
				ALWAYS_SEARCH_USER_PATHS = NO;
				CLANG_ANALYZER_NONNULL = YES;
				CLANG_ANALYZER_NUMBER_OBJECT_CONVERSION = YES_AGGRESSIVE;
				CLANG_CXX_LANGUAGE_STANDARD = "gnu++14";
				CLANG_CXX_LIBRARY = "libc++";
				CLANG_ENABLE_MODULES = YES;
				CLANG_ENABLE_OBJC_ARC = YES;
				CLANG_ENABLE_OBJC_WEAK = YES;
				CLANG_WARN_BLOCK_CAPTURE_AUTORELEASING = YES;
				CLANG_WARN_BOOL_CONVERSION = YES;
				CLANG_WARN_COMMA = YES;
				CLANG_WARN_CONSTANT_CONVERSION = YES;
				CLANG_WARN_DEPRECATED_OBJC_IMPLEMENTATIONS = YES;
				CLANG_WARN_DIRECT_OBJC_ISA_USAGE = YES_ERROR;
				CLANG_WARN_DOCUMENTATION_COMMENTS = YES;
				CLANG_WARN_EMPTY_BODY = YES;
				CLANG_WARN_ENUM_CONVERSION = YES;
				CLANG_WARN_INFINITE_RECURSION = YES;
				CLANG_WARN_INT_CONVERSION = YES;
				CLANG_WARN_NON_LITERAL_NULL_CONVERSION = YES;
				CLANG_WARN_OBJC_IMPLICIT_RETAIN_SELF = YES;
				CLANG_WARN_OBJC_LITERAL_CONVERSION = YES;
				CLANG_WARN_OBJC_ROOT_CLASS = YES_ERROR;
				CLANG_WARN_RANGE_LOOP_ANALYSIS = YES;
				CLANG_WARN_STRICT_PROTOTYPES = YES;
				CLANG_WARN_SUSPICIOUS_MOVE = YES;
				CLANG_WARN_UNGUARDED_AVAILABILITY = YES_AGGRESSIVE;
				CLANG_WARN_UNREACHABLE_CODE = YES;
				CLANG_WARN__DUPLICATE_METHOD_MATCH = YES;
				CODE_SIGN_IDENTITY = "iPhone Developer";
				COPY_PHASE_STRIP = NO;
				DEBUG_INFORMATION_FORMAT = "dwarf-with-dsym";
				ENABLE_NS_ASSERTIONS = NO;
				ENABLE_STRICT_OBJC_MSGSEND = YES;
				GCC_C_LANGUAGE_STANDARD = gnu11;
				GCC_NO_COMMON_BLOCKS = YES;
				GCC_WARN_64_TO_32_BIT_CONVERSION = YES;
				GCC_WARN_ABOUT_RETURN_TYPE = YES_ERROR;
				GCC_WARN_UNDECLARED_SELECTOR = YES;
				GCC_WARN_UNINITIALIZED_AUTOS = YES_AGGRESSIVE;
				GCC_WARN_UNUSED_FUNCTION = YES;
				GCC_WARN_UNUSED_VARIABLE = YES;
				IPHONEOS_DEPLOYMENT_TARGET = 12.2;
				MTL_ENABLE_DEBUG_INFO = NO;
				MTL_FAST_MATH = YES;
				SDKROOT = iphoneos;
				SWIFT_COMPILATION_MODE = wholemodule;
				SWIFT_OPTIMIZATION_LEVEL = "-O";
				VALIDATE_PRODUCT = YES;
			};
			name = Release;
		};
		E3824F9D227CECD8005FC2E2 /* Debug */ = {
			isa = XCBuildConfiguration;
			buildSettings = {
				ASSETCATALOG_COMPILER_APPICON_NAME = AppIcon;
				CODE_SIGN_STYLE = Automatic;
				DEVELOPMENT_TEAM = XPQRN7QUXG;
				INFOPLIST_FILE = Movies/SupportFiles/Info.plist;
				LD_RUNPATH_SEARCH_PATHS = (
					"$(inherited)",
					"@executable_path/Frameworks",
				);
				PRODUCT_BUNDLE_IDENTIFIER = br.com.julianoterres.Movies;
				PRODUCT_NAME = "$(TARGET_NAME)";
				SWIFT_VERSION = 5.0;
				TARGETED_DEVICE_FAMILY = 1;
			};
			name = Debug;
		};
		E3824F9E227CECD8005FC2E2 /* Release */ = {
			isa = XCBuildConfiguration;
			buildSettings = {
				ASSETCATALOG_COMPILER_APPICON_NAME = AppIcon;
				CODE_SIGN_STYLE = Automatic;
				DEVELOPMENT_TEAM = XPQRN7QUXG;
				INFOPLIST_FILE = Movies/SupportFiles/Info.plist;
				LD_RUNPATH_SEARCH_PATHS = (
					"$(inherited)",
					"@executable_path/Frameworks",
				);
				PRODUCT_BUNDLE_IDENTIFIER = br.com.julianoterres.Movies;
				PRODUCT_NAME = "$(TARGET_NAME)";
				SWIFT_VERSION = 5.0;
				TARGETED_DEVICE_FAMILY = 1;
			};
			name = Release;
		};
		E3824FA0227CECD8005FC2E2 /* Debug */ = {
			isa = XCBuildConfiguration;
			buildSettings = {
				ALWAYS_EMBED_SWIFT_STANDARD_LIBRARIES = YES;
				BUNDLE_LOADER = "$(TEST_HOST)";
				CODE_SIGN_STYLE = Automatic;
				DEVELOPMENT_TEAM = XPQRN7QUXG;
				INFOPLIST_FILE = MoviesTests/SupportFiles/Info.plist;
				LD_RUNPATH_SEARCH_PATHS = (
					"$(inherited)",
					"@executable_path/Frameworks",
					"@loader_path/Frameworks",
				);
				PRODUCT_BUNDLE_IDENTIFIER = br.com.julianoterres.MoviesTests;
				PRODUCT_NAME = "$(TARGET_NAME)";
				SWIFT_VERSION = 5.0;
				TARGETED_DEVICE_FAMILY = "1,2";
				TEST_HOST = "$(BUILT_PRODUCTS_DIR)/Movies.app/Movies";
			};
			name = Debug;
		};
		E3824FA1227CECD8005FC2E2 /* Release */ = {
			isa = XCBuildConfiguration;
			buildSettings = {
				ALWAYS_EMBED_SWIFT_STANDARD_LIBRARIES = YES;
				BUNDLE_LOADER = "$(TEST_HOST)";
				CODE_SIGN_STYLE = Automatic;
				DEVELOPMENT_TEAM = XPQRN7QUXG;
				INFOPLIST_FILE = MoviesTests/SupportFiles/Info.plist;
				LD_RUNPATH_SEARCH_PATHS = (
					"$(inherited)",
					"@executable_path/Frameworks",
					"@loader_path/Frameworks",
				);
				PRODUCT_BUNDLE_IDENTIFIER = br.com.julianoterres.MoviesTests;
				PRODUCT_NAME = "$(TARGET_NAME)";
				SWIFT_VERSION = 5.0;
				TARGETED_DEVICE_FAMILY = "1,2";
				TEST_HOST = "$(BUILT_PRODUCTS_DIR)/Movies.app/Movies";
			};
			name = Release;
		};
/* End XCBuildConfiguration section */

/* Begin XCConfigurationList section */
		E3824F7A227CECD7005FC2E2 /* Build configuration list for PBXProject "Movies" */ = {
			isa = XCConfigurationList;
			buildConfigurations = (
				E3824F9A227CECD8005FC2E2 /* Debug */,
				E3824F9B227CECD8005FC2E2 /* Release */,
			);
			defaultConfigurationIsVisible = 0;
			defaultConfigurationName = Release;
		};
		E3824F9C227CECD8005FC2E2 /* Build configuration list for PBXNativeTarget "Movies" */ = {
			isa = XCConfigurationList;
			buildConfigurations = (
				E3824F9D227CECD8005FC2E2 /* Debug */,
				E3824F9E227CECD8005FC2E2 /* Release */,
			);
			defaultConfigurationIsVisible = 0;
			defaultConfigurationName = Release;
		};
		E3824F9F227CECD8005FC2E2 /* Build configuration list for PBXNativeTarget "MoviesTests" */ = {
			isa = XCConfigurationList;
			buildConfigurations = (
				E3824FA0227CECD8005FC2E2 /* Debug */,
				E3824FA1227CECD8005FC2E2 /* Release */,
			);
			defaultConfigurationIsVisible = 0;
			defaultConfigurationName = Release;
		};
/* End XCConfigurationList section */
	};
	rootObject = E3824F77227CECD7005FC2E2 /* Project object */;
}
